
Microsoft Visual Studio Solution File, Format Version 12.00
# Visual Studio Version 17
VisualStudioVersion = 17.6.33712.159
MinimumVisualStudioVersion = 10.0.40219.1
Project("{9A19103F-16F7-4668-BE54-9A1E7A4F7556}") = "Vehicle2Go.Web", "Vehicle2Go.Web\Vehicle2Go.Web.csproj", "{C0743F84-1776-4B69-BEA7-C326C3C30279}"
EndProject
Project("{9A19103F-16F7-4668-BE54-9A1E7A4F7556}") = "Vehicle2Go.Common", "Vehicle2Go.Common\Vehicle2Go.Common.csproj", "{89C33D1D-29C1-46D2-9E28-BE8954AF7C62}"
EndProject
Project("{2150E333-8FDC-42A3-9474-1A3956D46DE8}") = "Web", "Web", "{14FF513B-0AE4-4BF3-BDEF-D99201BD88AD}"
EndProject
Project("{2150E333-8FDC-42A3-9474-1A3956D46DE8}") = "Data", "Data", "{1F69BAD4-1868-452F-99B8-6DCC49D6E9BE}"
EndProject
Project("{9A19103F-16F7-4668-BE54-9A1E7A4F7556}") = "Vehicle2Go.Data", "Vehicle2Go.Data\Vehicle2Go.Data.csproj", "{512908AB-665A-4D89-935E-9F08EC761914}"
EndProject
Project("{9A19103F-16F7-4668-BE54-9A1E7A4F7556}") = "Vehicle2Go.Data.Models", "Vehicle2Go.Data.Models\Vehicle2Go.Data.Models.csproj", "{0E38200E-A65D-443B-B6D7-76C3B42E416E}"
EndProject
Project("{9A19103F-16F7-4668-BE54-9A1E7A4F7556}") = "Vehicle2Go.Web.ViewModels", "Vehicle2Go.Web.ViewModels\Vehicle2Go.Web.ViewModels.csproj", "{FB590D75-97FA-4CC9-A607-EA204D440879}"
EndProject
Project("{2150E333-8FDC-42A3-9474-1A3956D46DE8}") = "Services", "Services", "{5D712371-E78B-46B5-A8E7-D93488AA3826}"
EndProject
Project("{9A19103F-16F7-4668-BE54-9A1E7A4F7556}") = "Vehicle2Go.Services.Data", "Vehicle2Go.Services.Data\Vehicle2Go.Services.Data.csproj", "{3A16C6B2-2156-401E-8BED-75D38560E9BC}"
EndProject
Project("{9A19103F-16F7-4668-BE54-9A1E7A4F7556}") = "Vehicle2Go.Web.Infrastructure", "Vehicle2Go.Web.Infrastructure\Vehicle2Go.Web.Infrastructure.csproj", "{EFCBBE76-C121-45BC-B26E-8BBA69BB885D}"
EndProject
Project("{9A19103F-16F7-4668-BE54-9A1E7A4F7556}") = "Vehicle2Go.Services.Data.Models", "Vehicle2Go.Services.Data.Models\Vehicle2Go.Services.Data.Models.csproj", "{C8EBBB12-F978-48BF-99D8-D66882AF25FF}"
EndProject
Project("{FAE04EC0-301F-11D3-BF4B-00C04F79EFBC}") = "Vehicle2Go.WebApi", "Vehicle2Go.WebApi\Vehicle2Go.WebApi.csproj", "{3DDE4CC3-03E2-4760-A6F5-B950D6D564AD}"
EndProject
Global
	GlobalSection(SolutionConfigurationPlatforms) = preSolution
		Debug|Any CPU = Debug|Any CPU
		Release|Any CPU = Release|Any CPU
	EndGlobalSection
	GlobalSection(ProjectConfigurationPlatforms) = postSolution
		{C0743F84-1776-4B69-BEA7-C326C3C30279}.Debug|Any CPU.ActiveCfg = Debug|Any CPU
		{C0743F84-1776-4B69-BEA7-C326C3C30279}.Debug|Any CPU.Build.0 = Debug|Any CPU
		{C0743F84-1776-4B69-BEA7-C326C3C30279}.Release|Any CPU.ActiveCfg = Release|Any CPU
		{C0743F84-1776-4B69-BEA7-C326C3C30279}.Release|Any CPU.Build.0 = Release|Any CPU
		{89C33D1D-29C1-46D2-9E28-BE8954AF7C62}.Debug|Any CPU.ActiveCfg = Debug|Any CPU
		{89C33D1D-29C1-46D2-9E28-BE8954AF7C62}.Debug|Any CPU.Build.0 = Debug|Any CPU
		{89C33D1D-29C1-46D2-9E28-BE8954AF7C62}.Release|Any CPU.ActiveCfg = Release|Any CPU
		{89C33D1D-29C1-46D2-9E28-BE8954AF7C62}.Release|Any CPU.Build.0 = Release|Any CPU
		{512908AB-665A-4D89-935E-9F08EC761914}.Debug|Any CPU.ActiveCfg = Debug|Any CPU
		{512908AB-665A-4D89-935E-9F08EC761914}.Debug|Any CPU.Build.0 = Debug|Any CPU
		{512908AB-665A-4D89-935E-9F08EC761914}.Release|Any CPU.ActiveCfg = Release|Any CPU
		{512908AB-665A-4D89-935E-9F08EC761914}.Release|Any CPU.Build.0 = Release|Any CPU
		{0E38200E-A65D-443B-B6D7-76C3B42E416E}.Debug|Any CPU.ActiveCfg = Debug|Any CPU
		{0E38200E-A65D-443B-B6D7-76C3B42E416E}.Debug|Any CPU.Build.0 = Debug|Any CPU
		{0E38200E-A65D-443B-B6D7-76C3B42E416E}.Release|Any CPU.ActiveCfg = Release|Any CPU
		{0E38200E-A65D-443B-B6D7-76C3B42E416E}.Release|Any CPU.Build.0 = Release|Any CPU
		{FB590D75-97FA-4CC9-A607-EA204D440879}.Debug|Any CPU.ActiveCfg = Debug|Any CPU
		{FB590D75-97FA-4CC9-A607-EA204D440879}.Debug|Any CPU.Build.0 = Debug|Any CPU
		{FB590D75-97FA-4CC9-A607-EA204D440879}.Release|Any CPU.ActiveCfg = Release|Any CPU
		{FB590D75-97FA-4CC9-A607-EA204D440879}.Release|Any CPU.Build.0 = Release|Any CPU
		{3A16C6B2-2156-401E-8BED-75D38560E9BC}.Debug|Any CPU.ActiveCfg = Debug|Any CPU
		{3A16C6B2-2156-401E-8BED-75D38560E9BC}.Debug|Any CPU.Build.0 = Debug|Any CPU
		{3A16C6B2-2156-401E-8BED-75D38560E9BC}.Release|Any CPU.ActiveCfg = Release|Any CPU
		{3A16C6B2-2156-401E-8BED-75D38560E9BC}.Release|Any CPU.Build.0 = Release|Any CPU
		{EFCBBE76-C121-45BC-B26E-8BBA69BB885D}.Debug|Any CPU.ActiveCfg = Debug|Any CPU
		{EFCBBE76-C121-45BC-B26E-8BBA69BB885D}.Debug|Any CPU.Build.0 = Debug|Any CPU
		{EFCBBE76-C121-45BC-B26E-8BBA69BB885D}.Release|Any CPU.ActiveCfg = Release|Any CPU
		{EFCBBE76-C121-45BC-B26E-8BBA69BB885D}.Release|Any CPU.Build.0 = Release|Any CPU
		{C8EBBB12-F978-48BF-99D8-D66882AF25FF}.Debug|Any CPU.ActiveCfg = Debug|Any CPU
		{C8EBBB12-F978-48BF-99D8-D66882AF25FF}.Debug|Any CPU.Build.0 = Debug|Any CPU
		{C8EBBB12-F978-48BF-99D8-D66882AF25FF}.Release|Any CPU.ActiveCfg = Release|Any CPU
		{C8EBBB12-F978-48BF-99D8-D66882AF25FF}.Release|Any CPU.Build.0 = Release|Any CPU
		{3DDE4CC3-03E2-4760-A6F5-B950D6D564AD}.Debug|Any CPU.ActiveCfg = Debug|Any CPU
		{3DDE4CC3-03E2-4760-A6F5-B950D6D564AD}.Debug|Any CPU.Build.0 = Debug|Any CPU
		{3DDE4CC3-03E2-4760-A6F5-B950D6D564AD}.Release|Any CPU.ActiveCfg = Release|Any CPU
		{3DDE4CC3-03E2-4760-A6F5-B950D6D564AD}.Release|Any CPU.Build.0 = Release|Any CPU
	EndGlobalSection
	GlobalSection(SolutionProperties) = preSolution
		HideSolutionNode = FALSE
	EndGlobalSection
	GlobalSection(NestedProjects) = preSolution
		{C0743F84-1776-4B69-BEA7-C326C3C30279} = {14FF513B-0AE4-4BF3-BDEF-D99201BD88AD}
		{512908AB-665A-4D89-935E-9F08EC761914} = {1F69BAD4-1868-452F-99B8-6DCC49D6E9BE}
		{0E38200E-A65D-443B-B6D7-76C3B42E416E} = {1F69BAD4-1868-452F-99B8-6DCC49D6E9BE}
		{FB590D75-97FA-4CC9-A607-EA204D440879} = {14FF513B-0AE4-4BF3-BDEF-D99201BD88AD}
		{3A16C6B2-2156-401E-8BED-75D38560E9BC} = {5D712371-E78B-46B5-A8E7-D93488AA3826}
		{EFCBBE76-C121-45BC-B26E-8BBA69BB885D} = {14FF513B-0AE4-4BF3-BDEF-D99201BD88AD}
		{C8EBBB12-F978-48BF-99D8-D66882AF25FF} = {5D712371-E78B-46B5-A8E7-D93488AA3826}
		{3DDE4CC3-03E2-4760-A6F5-B950D6D564AD} = {14FF513B-0AE4-4BF3-BDEF-D99201BD88AD}
	EndGlobalSection
	GlobalSection(ExtensibilityGlobals) = postSolution
		SolutionGuid = {6DA2B467-324B-4DDF-9B3D-CCD55C111503}
	EndGlobalSection
EndGlobal
