
Microsoft Visual Studio Solution File, Format Version 12.00
# Visual Studio Version 17
VisualStudioVersion = 17.6.33712.159
MinimumVisualStudioVersion = 10.0.40219.1
Project("{9A19103F-16F7-4668-BE54-9A1E7A4F7556}") = "VehiclesRenting.Web", "VehiclesRenting.Web\VehiclesRenting.Web.csproj", "{E54E9DA5-656B-4755-816C-75F3F5FC186B}"
EndProject
Project("{9A19103F-16F7-4668-BE54-9A1E7A4F7556}") = "VehiclesRenting.Common", "VehiclesRenting.Common\VehiclesRenting.Common.csproj", "{61A8B726-0551-4848-B046-08CCE6585D22}"
EndProject
Project("{2150E333-8FDC-42A3-9474-1A3956D46DE8}") = "Web", "Web", "{86B9F9ED-8B40-4BBD-A000-05E9C5495D8D}"
EndProject
Project("{2150E333-8FDC-42A3-9474-1A3956D46DE8}") = "Data", "Data", "{3D44BFE2-B74C-4BE8-829F-0274C281AF43}"
EndProject
Project("{9A19103F-16F7-4668-BE54-9A1E7A4F7556}") = "VehiclesRenting.Data", "VehiclesRenting.Data\VehiclesRenting.Data.csproj", "{C6B6225C-4F29-4F8B-9719-40FB7EDD1CD9}"
EndProject
Project("{9A19103F-16F7-4668-BE54-9A1E7A4F7556}") = "VehiclesRenting.Data.Models", "VehiclesRenting.Data.Models\VehiclesRenting.Data.Models.csproj", "{0CD3C4D2-B57F-4736-9CC6-D802F569D897}"
EndProject
Project("{9A19103F-16F7-4668-BE54-9A1E7A4F7556}") = "VehiclesRenting.Web.ViewModels", "VehiclesRenting.Web.ViewModels\VehiclesRenting.Web.ViewModels.csproj", "{6684A600-3895-4AAD-B127-58BCEDC13401}"
EndProject
Project("{2150E333-8FDC-42A3-9474-1A3956D46DE8}") = "Services", "Services", "{5B0ED872-B0AF-4185-81B3-3C826B640FFA}"
EndProject
Project("{9A19103F-16F7-4668-BE54-9A1E7A4F7556}") = "VehiclesRenting.Services", "VehiclesRenting.Services\VehiclesRenting.Services.csproj", "{C9E940F1-83BC-4B07-AA6F-2D8594773D9E}"
EndProject
Global
	GlobalSection(SolutionConfigurationPlatforms) = preSolution
		Debug|Any CPU = Debug|Any CPU
		Release|Any CPU = Release|Any CPU
	EndGlobalSection
	GlobalSection(ProjectConfigurationPlatforms) = postSolution
		{E54E9DA5-656B-4755-816C-75F3F5FC186B}.Debug|Any CPU.ActiveCfg = Debug|Any CPU
		{E54E9DA5-656B-4755-816C-75F3F5FC186B}.Debug|Any CPU.Build.0 = Debug|Any CPU
		{E54E9DA5-656B-4755-816C-75F3F5FC186B}.Release|Any CPU.ActiveCfg = Release|Any CPU
		{E54E9DA5-656B-4755-816C-75F3F5FC186B}.Release|Any CPU.Build.0 = Release|Any CPU
		{61A8B726-0551-4848-B046-08CCE6585D22}.Debug|Any CPU.ActiveCfg = Debug|Any CPU
		{61A8B726-0551-4848-B046-08CCE6585D22}.Debug|Any CPU.Build.0 = Debug|Any CPU
		{61A8B726-0551-4848-B046-08CCE6585D22}.Release|Any CPU.ActiveCfg = Release|Any CPU
		{61A8B726-0551-4848-B046-08CCE6585D22}.Release|Any CPU.Build.0 = Release|Any CPU
		{C6B6225C-4F29-4F8B-9719-40FB7EDD1CD9}.Debug|Any CPU.ActiveCfg = Debug|Any CPU
		{C6B6225C-4F29-4F8B-9719-40FB7EDD1CD9}.Debug|Any CPU.Build.0 = Debug|Any CPU
		{C6B6225C-4F29-4F8B-9719-40FB7EDD1CD9}.Release|Any CPU.ActiveCfg = Release|Any CPU
		{C6B6225C-4F29-4F8B-9719-40FB7EDD1CD9}.Release|Any CPU.Build.0 = Release|Any CPU
		{0CD3C4D2-B57F-4736-9CC6-D802F569D897}.Debug|Any CPU.ActiveCfg = Debug|Any CPU
		{0CD3C4D2-B57F-4736-9CC6-D802F569D897}.Debug|Any CPU.Build.0 = Debug|Any CPU
		{0CD3C4D2-B57F-4736-9CC6-D802F569D897}.Release|Any CPU.ActiveCfg = Release|Any CPU
		{0CD3C4D2-B57F-4736-9CC6-D802F569D897}.Release|Any CPU.Build.0 = Release|Any CPU
		{6684A600-3895-4AAD-B127-58BCEDC13401}.Debug|Any CPU.ActiveCfg = Debug|Any CPU
		{6684A600-3895-4AAD-B127-58BCEDC13401}.Debug|Any CPU.Build.0 = Debug|Any CPU
		{6684A600-3895-4AAD-B127-58BCEDC13401}.Release|Any CPU.ActiveCfg = Release|Any CPU
		{6684A600-3895-4AAD-B127-58BCEDC13401}.Release|Any CPU.Build.0 = Release|Any CPU
		{C9E940F1-83BC-4B07-AA6F-2D8594773D9E}.Debug|Any CPU.ActiveCfg = Debug|Any CPU
		{C9E940F1-83BC-4B07-AA6F-2D8594773D9E}.Debug|Any CPU.Build.0 = Debug|Any CPU
		{C9E940F1-83BC-4B07-AA6F-2D8594773D9E}.Release|Any CPU.ActiveCfg = Release|Any CPU
		{C9E940F1-83BC-4B07-AA6F-2D8594773D9E}.Release|Any CPU.Build.0 = Release|Any CPU
	EndGlobalSection
	GlobalSection(SolutionProperties) = preSolution
		HideSolutionNode = FALSE
	EndGlobalSection
	GlobalSection(NestedProjects) = preSolution
		{E54E9DA5-656B-4755-816C-75F3F5FC186B} = {86B9F9ED-8B40-4BBD-A000-05E9C5495D8D}
		{C6B6225C-4F29-4F8B-9719-40FB7EDD1CD9} = {3D44BFE2-B74C-4BE8-829F-0274C281AF43}
		{0CD3C4D2-B57F-4736-9CC6-D802F569D897} = {3D44BFE2-B74C-4BE8-829F-0274C281AF43}
		{6684A600-3895-4AAD-B127-58BCEDC13401} = {86B9F9ED-8B40-4BBD-A000-05E9C5495D8D}
		{C9E940F1-83BC-4B07-AA6F-2D8594773D9E} = {5B0ED872-B0AF-4185-81B3-3C826B640FFA}
	EndGlobalSection
	GlobalSection(ExtensibilityGlobals) = postSolution
		SolutionGuid = {AF6DFBD3-B880-490D-847C-47C3A8E177D1}
	EndGlobalSection
EndGlobal
